schema: '2.0'
stages:
  prepare:
    cmd: python src/prepare.py
    deps:
    - path: data/raw
      md5: 392859941730af73895d057ac48ad939.dir
      size: 106557364
      nfiles: 13398
    - path: src/prepare.py
      md5: ef804f358e00edcfe52c865b471f8f55
      size: 1231
    outs:
    - path: data/prepared/test.csv
      md5: 06c99fb8bb263b1e58d9b2eb4e836f8d
      size: 88060
    - path: data/prepared/train.csv
      md5: 01073c297344cfada7eb3882d5361bdd
      size: 218191
  train:
    cmd: python src/train.py
    deps:
    - path: data/prepared/train.csv
      md5: 01073c297344cfada7eb3882d5361bdd
      size: 218191
    - path: src/train.py
      md5: fba02db450a577e4eef0ce583a5dca3e
      size: 1325
    outs:
    - path: model/model.joblib
      md5: 7b8a2154e5f05b45ecc5196fbb22e2b7
      size: 1656935
  evaluate:
    cmd: python src/evaluate.py
    deps:
    - path: model/model.joblib
      md5: 7b8a2154e5f05b45ecc5196fbb22e2b7
      size: 1656935
    - path: src/evaluate.py
      md5: b197277667d6269271fff4ae4af8a941
      size: 645
    outs:
    - path: metrics/accuracy.json
      md5: 949ac3a4bc6c502df4307aeb6a101c8a
      size: 32
